# THIS IS AN AUTOGENERATED FILE. DO NOT EDIT THIS FILE DIRECTLY.
# yarn lockfile v1


"@jridgewell/gen-mapping@^0.3.5":
  version "0.3.13"
  resolved "https://registry.yarnpkg.com/@jridgewell/gen-mapping/-/gen-mapping-0.3.13.tgz#6342a19f44347518c93e43b1ac69deb3c4656a1f"
  integrity sha512-2kkt/7niJ6MgEPxF0bYdQ6etZaA+fQvDcLKckhy1yIQOzaoKjBBjSj63/aLVjYE3qhRt5dvM+uUyfCg6UKCBbA==
  dependencies:
    "@jridgewell/sourcemap-codec" "^1.5.0"
    "@jridgewell/trace-mapping" "^0.3.24"

"@jridgewell/resolve-uri@^3.1.0":
  version "3.1.2"
  resolved "https://registry.yarnpkg.com/@jridgewell/resolve-uri/-/resolve-uri-3.1.2.tgz#7a0ee601f60f99a20c7c7c5ff0c80388c1189bd6"
  integrity sha512-bRISgCIjP20/tbWSPWMEi54QVPRZExkuD9lJL+UIxUKtwVJA8wW1Trb1jMs1RFXo1CBTNZ/5hpC9QvmKWdopKw==

"@jridgewell/source-map@^0.3.3":
  version "0.3.11"
  resolved "https://registry.yarnpkg.com/@jridgewell/source-map/-/source-map-0.3.11.tgz#b21835cbd36db656b857c2ad02ebd413cc13a9ba"
  integrity sha512-ZMp1V8ZFcPG5dIWnQLr3NSI1MiCU7UETdS/A0G8V/XWHvJv3ZsFqutJn1Y5RPmAPX6F3BiE397OqveU/9NCuIA==
  dependencies:
    "@jridgewell/gen-mapping" "^0.3.5"
    "@jridgewell/trace-mapping" "^0.3.25"

"@jridgewell/sourcemap-codec@^1.4.14", "@jridgewell/sourcemap-codec@^1.5.0":
  version "1.5.5"
  resolved "https://registry.yarnpkg.com/@jridgewell/sourcemap-codec/-/sourcemap-codec-1.5.5.tgz#6912b00d2c631c0d15ce1a7ab57cd657f2a8f8ba"
  integrity sha512-cYQ9310grqxueWbl+WuIUIaiUaDcj7WOq5fVhEljNVgRfOUhY9fy2zTvfoqWsnebh8Sl70VScFbICvJnLKB0Og==

"@jridgewell/trace-mapping@^0.3.24", "@jridgewell/trace-mapping@^0.3.25":
  version "0.3.31"
  resolved "https://registry.yarnpkg.com/@jridgewell/trace-mapping/-/trace-mapping-0.3.31.tgz#db15d6781c931f3a251a3dac39501c98a6082fd0"
  integrity sha512-zzNR+SdQSDJzc8joaeP8QQoCQr8NuYx2dIIytl1QeBEZHJ9uW6hebsrYgbz8hJwUQao3TWCMtmfV8Nu1twOLAw==
  dependencies:
    "@jridgewell/resolve-uri" "^3.1.0"
    "@jridgewell/sourcemap-codec" "^1.4.14"

"@js-joda/core@3.2.0":
  version "3.2.0"
  resolved "https://registry.yarnpkg.com/@js-joda/core/-/core-3.2.0.tgz#3e61e21b7b2b8a6be746df1335cf91d70db2a273"
  integrity sha512-PMqgJ0sw5B7FKb2d5bWYIoxjri+QlW/Pys7+Rw82jSH0QN3rB05jZ/VrrsUdh1w4+i2kw9JOejXGq/KhDOX7Kg==

"@types/eslint-scope@^3.7.7":
  version "3.7.7"
  resolved "https://registry.yarnpkg.com/@types/eslint-scope/-/eslint-scope-3.7.7.tgz#3108bd5f18b0cdb277c867b3dd449c9ed7079ac5"
  integrity sha512-MzMFlSLBqNF2gcHWO0G1vP/YQyfvrxZ0bF+u7mzUdZ1/xK4A4sru+nraZz5i3iEIk1l1uyicaDVTB4QbbEkAYg==
  dependencies:
    "@types/eslint" "*"
    "@types/estree" "*"

"@types/eslint@*":
  version "9.6.1"
  resolved "https://registry.yarnpkg.com/@types/eslint/-/eslint-9.6.1.tgz#d5795ad732ce81715f27f75da913004a56751584"
  integrity sha512-FXx2pKgId/WyYo2jXw63kk7/+TY7u7AziEJxJAnSFzHlqTAS3Ync6SvgYAN/k4/PQpnnVuzoMuVnByKK2qp0ag==
  dependencies:
    "@types/estree" "*"
    "@types/json-schema" "*"

"@types/estree@*", "@types/estree@^1.0.8":
  version "1.0.9"
  resolved "https://registry.yarnpkg.com/@types/estree/-/estree-1.0.9.tgz#cf3f0e876d7bee15a93ab925b82bf570a3904a24"
  integrity sha512-GhdPgy1el4/ImP05X05Uw4cw2/M93BCUmnEvWZNStlCzEKME4Fkk+YpoA5OiHNQmoS7Cafb8Xa3Pya8m1Qrzeg==

"@types/json-schema@*", "@types/json-schema@^7.0.15", "@types/json-schema@^7.0.9":
  version "7.0.15"
  resolved "https://registry.yarnpkg.com/@types/json-schema/-/json-schema-7.0.15.tgz#596a1747233694d50f6ad8a7869fcb6f56cf5841"
  integrity sha512-5+fP8P8MFNC+AyZCDxrB2pkZFPGzqQWUzpSeuuVLvm8VMcorNYavBqoFcxK8bQz4Qsbn4oUEEem4wDLfcysGHA==

"@types/node@*":
  version "26.1.2"
  resolved "https://registry.yarnpkg.com/@types/node/-/node-26.1.2.tgz#da79708f1f9c6294f4cdec8f455a3032b028808a"
  integrity sha512-Vu4a5UFA9rIIFJ7rB/Vaafh9lrCQszopTCx6KjFboXTGQbPNasehVR5TEiithSDGyd1DEiUByggTZsg8jukeIg==
  dependencies:
    undici-types "~8.3.0"

"@webassemblyjs/ast@1.14.1", "@webassemblyjs/ast@^1.14.1":
  version "1.14.1"
  resolved "https://registry.yarnpkg.com/@webassemblyjs/ast/-/ast-1.14.1.tgz#a9f6a07f2b03c95c8d38c4536a1fdfb521ff55b6"
  integrity sha512-nuBEDgQfm1ccRp/8bCQrx1frohyufl4JlbMMZ4P1wpeOfDhF6FQkxZJ1b/e+PLwr6X1Nhw6OLme5usuBWYBvuQ==
  dependencies:
    "@webassemblyjs/helper-numbers" "1.13.2"
    "@webassemblyjs/helper-wasm-bytecode" "1.13.2"

"@webassemblyjs/floating-point-hex-parser@1.13.2":
  version "1.13.2"
  resolved "https://registry.yarnpkg.com/@webassemblyjs/floating-point-hex-parser/-/floating-point-hex-parser-1.13.2.tgz#fcca1eeddb1cc4e7b6eed4fc7956d6813b21b9fb"
  integrity sha512-6oXyTOzbKxGH4steLbLNOu71Oj+C8Lg34n6CqRvqfS2O71BxY6ByfMDRhBytzknj9yGUPVJ1qIKhRlAwO1AovA==

"@webassemblyjs/helper-api-error@1.13.2":
  version "1.13.2"
  resolved "https://registry.yarnpkg.com/@webassemblyjs/helper-api-error/-/helper-api-error-1.13.2.tgz#e0a16152248bc38daee76dd7e21f15c5ef3ab1e7"
  integrity sha512-U56GMYxy4ZQCbDZd6JuvvNV/WFildOjsaWD3Tzzvmw/mas3cXzRJPMjP83JqEsgSbyrmaGjBfDtV7KDXV9UzFQ==

"@webassemblyjs/helper-buffer@1.14.1":
  version "1.14.1"
  resolved "https://registry.yarnpkg.com/@webassemblyjs/helper-buffer/-/helper-buffer-1.14.1.tgz#822a9bc603166531f7d5df84e67b5bf99b72b96b"
  integrity sha512-jyH7wtcHiKssDtFPRB+iQdxlDf96m0E39yb0k5uJVhFGleZFoNw1c4aeIcVUPPbXUVJ94wwnMOAqUHyzoEPVMA==

"@webassemblyjs/helper-numbers@1.13.2":
  version "1.13.2"
  resolved "https://registry.yarnpkg.com/@webassemblyjs/helper-numbers/-/helper-numbers-1.13.2.tgz#dbd932548e7119f4b8a7877fd5a8d20e63490b2d"
  integrity sha512-FE8aCmS5Q6eQYcV3gI35O4J789wlQA+7JrqTTpJqn5emA4U2hvwJmvFRC0HODS+3Ye6WioDklgd6scJ3+PLnEA==
  dependencies:
    "@webassemblyjs/floating-point-hex-parser" "1.13.2"
    "@webassemblyjs/helper-api-error" "1.13.2"
    "@xtuc/long" "4.2.2"

"@webassemblyjs/helper-wasm-bytecode@1.13.2":
  version "1.13.2"
  resolved "https://registry.yarnpkg.com/@webassemblyjs/helper-wasm-bytecode/-/helper-wasm-bytecode-1.13.2.tgz#e556108758f448aae84c850e593ce18a0eb31e0b"
  integrity sha512-3QbLKy93F0EAIXLh0ogEVR6rOubA9AoZ+WRYhNbFyuB70j3dRdwH9g+qXhLAO0kiYGlg3TxDV+I4rQTr/YNXkA==

"@webassemblyjs/helper-wasm-section@1.14.1":
  version "1.14.1"
  resolved "https://registry.yarnpkg.com/@webassemblyjs/helper-wasm-section/-/helper-wasm-section-1.14.1.tgz#9629dda9c4430eab54b591053d6dc6f3ba050348"
  integrity sha512-ds5mXEqTJ6oxRoqjhWDU83OgzAYjwsCV8Lo/N+oRsNDmx/ZDpqalmrtgOMkHwxsG0iI//3BwWAErYRHtgn0dZw==
  dependencies:
    "@webassemblyjs/ast" "1.14.1"
    "@webassemblyjs/helper-buffer" "1.14.1"
    "@webassemblyjs/helper-wasm-bytecode" "1.13.2"
    "@webassemblyjs/wasm-gen" "1.14.1"

"@webassemblyjs/ieee754@1.13.2":
  version "1.13.2"
  resolved "https://registry.yarnpkg.com/@webassemblyjs/ieee754/-/ieee754-1.13.2.tgz#1c5eaace1d606ada2c7fd7045ea9356c59ee0dba"
  integrity sha512-4LtOzh58S/5lX4ITKxnAK2USuNEvpdVV9AlgGQb8rJDHaLeHciwG4zlGr0j/SNWlr7x3vO1lDEsuePvtcDNCkw==
  dependencies:
    "@xtuc/ieee754" "^1.2.0"

"@webassemblyjs/leb128@1.13.2":
  version "1.13.2"
  resolved "https://registry.yarnpkg.com/@webassemblyjs/leb128/-/leb128-1.13.2.tgz#57c5c3deb0105d02ce25fa3fd74f4ebc9fd0bbb0"
  integrity sha512-Lde1oNoIdzVzdkNEAWZ1dZ5orIbff80YPdHx20mrHwHrVNNTjNr8E3xz9BdpcGqRQbAEa+fkrCb+fRFTl/6sQw==
  dependencies:
    "@xtuc/long" "4.2.2"

"@webassemblyjs/utf8@1.13.2":
  version "1.13.2"
  resolved "https://registry.yarnpkg.com/@webassemblyjs/utf8/-/utf8-1.13.2.tgz#917a20e93f71ad5602966c2d685ae0c6c21f60f1"
  integrity sha512-3NQWGjKTASY1xV5m7Hr0iPeXD9+RDobLll3T9d2AO+g3my8xy5peVyjSag4I50mR1bBSN/Ct12lo+R9tJk0NZQ==

"@webassemblyjs/wasm-edit@^1.14.1":
  version "1.14.1"
  resolved "https://registry.yarnpkg.com/@webassemblyjs/wasm-edit/-/wasm-edit-1.14.1.tgz#ac6689f502219b59198ddec42dcd496b1004d597"
  integrity sha512-RNJUIQH/J8iA/1NzlE4N7KtyZNHi3w7at7hDjvRNm5rcUXa00z1vRz3glZoULfJ5mpvYhLybmVcwcjGrC1pRrQ==
  dependencies:
    "@webassemblyjs/ast" "1.14.1"
    "@webassemblyjs/helper-buffer" "1.14.1"
    "@webassemblyjs/helper-wasm-bytecode" "1.13.2"
    "@webassemblyjs/helper-wasm-section" "1.14.1"
    "@webassemblyjs/wasm-gen" "1.14.1"
    "@webassemblyjs/wasm-opt" "1.14.1"
    "@webassemblyjs/wasm-parser" "1.14.1"
    "@webassemblyjs/wast-printer" "1.14.1"

"@webassemblyjs/wasm-gen@1.14.1":
  version "1.14.1"
  resolved "https://registry.yarnpkg.com/@webassemblyjs/wasm-gen/-/wasm-gen-1.14.1.tgz#991e7f0c090cb0bb62bbac882076e3d219da9570"
  integrity sha512-AmomSIjP8ZbfGQhumkNvgC33AY7qtMCXnN6bL2u2Js4gVCg8fp735aEiMSBbDR7UQIj90n4wKAFUSEd0QN2Ukg==
  dependencies:
    "@webassemblyjs/ast" "1.14.1"
    "@webassemblyjs/helper-wasm-bytecode" "1.13.2"
    "@webassemblyjs/ieee754" "1.13.2"
    "@webassemblyjs/leb128" "1.13.2"
    "@webassemblyjs/utf8" "1.13.2"

"@webassemblyjs/wasm-opt@1.14.1":
  version "1.14.1"
  resolved "https://registry.yarnpkg.com/@webassemblyjs/wasm-opt/-/wasm-opt-1.14.1.tgz#e6f71ed7ccae46781c206017d3c14c50efa8106b"
  integrity sha512-PTcKLUNvBqnY2U6E5bdOQcSM+oVP/PmrDY9NzowJjislEjwP/C4an2303MCVS2Mg9d3AJpIGdUFIQQWbPds0Sw==
  dependencies:
    "@webassemblyjs/ast" "1.14.1"
    "@webassemblyjs/helper-buffer" "1.14.1"
    "@webassemblyjs/wasm-gen" "1.14.1"
    "@webassemblyjs/wasm-parser" "1.14.1"

"@webassemblyjs/wasm-parser@1.14.1", "@webassemblyjs/wasm-parser@^1.14.1":
  version "1.14.1"
  resolved "https://registry.yarnpkg.com/@webassemblyjs/wasm-parser/-/wasm-parser-1.14.1.tgz#b3e13f1893605ca78b52c68e54cf6a865f90b9fb"
  integrity sha512-JLBl+KZ0R5qB7mCnud/yyX08jWFw5MsoalJ1pQ4EdFlgj9VdXKGuENGsiCIjegI1W7p91rUlcB/LB5yRJKNTcQ==
  dependencies:
    "@webassemblyjs/ast" "1.14.1"
    "@webassemblyjs/helper-api-error" "1.13.2"
    "@webassemblyjs/helper-wasm-bytecode" "1.13.2"
    "@webassemblyjs/ieee754" "1.13.2"
    "@webassemblyjs/leb128" "1.13.2"
    "@webassemblyjs/utf8" "1.13.2"

"@webassemblyjs/wast-printer@1.14.1":
  version "1.14.1"
  resolved "https://registry.yarnpkg.com/@webassemblyjs/wast-printer/-/wast-printer-1.14.1.tgz#3bb3e9638a8ae5fdaf9610e7a06b4d9f9aa6fe07"
  integrity sha512-kPSSXE6De1XOR820C90RIo2ogvZG+c3KiHzqUoO/F34Y2shGzesfqv7o57xrxovZJH/MetF5UjroJ/R/3isoiw==
  dependencies:
    "@webassemblyjs/ast" "1.14.1"
    "@xtuc/long" "4.2.2"

"@xtuc/ieee754@^1.2.0":
  version "1.2.0"
  resolved "https://registry.yarnpkg.com/@xtuc/ieee754/-/ieee754-1.2.0.tgz#eef014a3145ae477a1cbc00cd1e552336dceb790"
  integrity sha512-DX8nKgqcGwsc0eJSqYt5lwP4DH5FlHnmuWWBRy7X0NcaGR0ZtuyeESgMwTYVEtxmsNGY+qit4QYT/MIYTOTPeA==

"@xtuc/long@4.2.2":
  version "4.2.2"
  resolved "https://registry.yarnpkg.com/@xtuc/long/-/long-4.2.2.tgz#d291c6a4e97989b5c61d9acf396ae4fe133a718d"
  integrity sha512-NuHqBY1PB/D8xU6s/thBgOAiAP7HOYDQ32+BFZILJ8ivkUkAHQnWfn6WhL79Owj1qmUnoN/YPhktdIoucipkAQ==

acorn-import-phases@^1.0.3:
  version "1.0.4"
  resolved "https://registry.yarnpkg.com/acorn-import-phases/-/acorn-import-phases-1.0.4.tgz#16eb850ba99a056cb7cbfe872ffb8972e18c8bd7"
  integrity sha512-wKmbr/DDiIXzEOiWrTTUcDm24kQ2vGfZQvM2fwg2vXqR5uW6aapr7ObPtj1th32b9u90/Pf4AItvdTh42fBmVQ==

acorn@^8.15.0:
  version "8.18.0"
  resolved "https://registry.yarnpkg.com/acorn/-/acorn-8.18.0.tgz#4faf01b2d6d326bfeed97aea1f52220b5f4c1940"
  integrity sha512-lGq+9yr1/GuAWaVYIHRjvvySG5/4VfKIvC8EWxStPdcDh/Ka7FG3twP6v4d5BkravUilhIAsG4Qj83t02LWUPQ==

ajv-formats@^2.1.1:
  version "2.1.1"
  resolved "https://registry.yarnpkg.com/ajv-formats/-/ajv-formats-2.1.1.tgz#6e669400659eb74973bbf2e33327180a0996b520"
  integrity sha512-Wx0Kx52hxE7C18hkMEggYlEifqWZtYaRgouJor+WMdPnQyEK13vgEWyVNup7SoeeoLMsr4kf5h6dOW11I15MUA==
  dependencies:
    ajv "^8.0.0"

ajv-keywords@^5.1.0:
  version "5.1.0"
  resolved "https://registry.yarnpkg.com/ajv-keywords/-/ajv-keywords-5.1.0.tgz#69d4d385a4733cdbeab44964a1170a88f87f0e16"
  integrity sha512-YCS/JNFAUyr5vAuhk1DWm1CBxRHW9LbJ2ozWeemrIqpbsqKjHVxYPyi5GC0rjZIT5JxJ3virVTS8wk4i/Z+krw==
  dependencies:
    fast-deep-equal "^3.1.3"

ajv@^8.0.0, ajv@^8.9.0:
  version "8.20.0"
  resolved "https://registry.yarnpkg.com/ajv/-/ajv-8.20.0.tgz#304b3636add88ba7d936760dd50ece006dea95f9"
  integrity sha512-Thbli+OlOj+iMPYFBVBfJ3OmCAnaSyNn4M1vz9T6Gka5Jt9ba/HIR56joy65tY6kx/FCF5VXNB819Y7/GUrBGA==
  dependencies:
    fast-deep-equal "^3.1.3"
    fast-uri "^3.0.1"
    json-schema-traverse "^1.0.0"
    require-from-string "^2.0.2"

baseline-browser-mapping@^2.10.44:
  version "2.11.12"
  resolved "https://registry.yarnpkg.com/baseline-browser-mapping/-/baseline-browser-mapping-2.11.12.tgz#42ac48770bf73d292f60ce8ba4dc5e7ebb242ec3"
  integrity sha512-r7WnVImvVCeFpf2DOXfy41aPWzeNg3H/A2X4dKmy1QL0MSyyk/e7z8ihJ3N6Nn2PsdhkVlqnEfnUE4a05P2aTA==

browserslist@^4.28.1:
  version "4.28.7"
  resolved "https://registry.yarnpkg.com/browserslist/-/browserslist-4.28.7.tgz#409046517fccd2e51cdc20f077454b7141184028"
  integrity sha512-JxV13hNrFxqjOc8alRbq9dK1MM79NEXYpma2B2J4wAtpWS5zIEIKqWPGCl7N4o7Uc7B7itylh7SuDujATRyyTw==
  dependencies:
    baseline-browser-mapping "^2.10.44"
    caniuse-lite "^1.0.30001806"
    electron-to-chromium "^1.5.393"
    node-releases "^2.0.51"
    update-browserslist-db "^1.2.3"

buffer-from@^1.0.0:
  version "1.1.2"
  resolved "https://registry.yarnpkg.com/buffer-from/-/buffer-from-1.1.2.tgz#2b146a6fd72e80b4f55d255f35ed59a3a9a41bd5"
  integrity sha512-E+XQCRwSbaaiChtv6k6Dwgc+bx+Bs6vuKJHHl5kox/BaKbhiXzqQOwK4cO22yElGp2OCmjwVhT3HmxgyPGnJfQ==

caniuse-lite@^1.0.30001806:
  version "1.0.30001807"
  resolved "https://registry.yarnpkg.com/caniuse-lite/-/caniuse-lite-1.0.30001807.tgz#a113854941fb45b4c1f51793f4636920489079b4"
  integrity sha512-daRXJ9EB/rdRgu7kV+TTl1YUKtlsMWblPl2sLnpg9DZae16QCegol6A1SmCE31Lm9mXC1sRWGt/krouH+/dl7Q==

chrome-trace-event@^1.0.2:
  version "1.0.4"
  resolved "https://registry.yarnpkg.com/chrome-trace-event/-/chrome-trace-event-1.0.4.tgz#05bffd7ff928465093314708c93bdfa9bd1f0f5b"
  integrity sha512-rNjApaLzuwaOTjCiT8lSDdGN1APCiqkChLMJxJPWLunPAt5fy8xgU9/jNOchV84wfIxrA0lRQB7oCT8jrn/wrQ==

commander@^2.20.0:
  version "2.20.3"
  resolved "https://registry.yarnpkg.com/commander/-/commander-2.20.3.tgz#fd485e84c03eb4881c20722ba48035e8531aeb33"
  integrity sha512-GpVkmM8vF2vQUkj2LvZmD35JxeJOLCwJ9cUkugyk2nuhbv3+mJvpLYYt+0+USMxE+oj+ey/lJEnhZw75x/OMcQ==

electron-to-chromium@^1.5.393:
  version "1.5.402"
  resolved "https://registry.yarnpkg.com/electron-to-chromium/-/electron-to-chromium-1.5.402.tgz#1bd96a2b0352c3d3a49d9a6c0f95269b64f70937"
  integrity sha512-/oOpMaPT6Yg+6/1XQhyIPlzgj7Ye9zf+nNM2Uh6OcE2G2oNptWazFa+qB2Pdqqbsc9KnIDzgAntoYN0dbwOXwA==

enhanced-resolve@^5.17.4:
  version "5.24.5"
  resolved "https://registry.yarnpkg.com/enhanced-resolve/-/enhanced-resolve-5.24.5.tgz#b4dad3255b7545f07ba5535189868e9f85f47573"
  integrity sha512-L1l8TNvomm6UVW5B253AGxQagSQr+vGwhMlrrfRS2qmhx46AMpMVJKQYLvWYbysTMY8VoicOvzHzoHMbyzB+4A==
  dependencies:
    graceful-fs "^4.2.4"
    tapable "^2.3.3"

es-module-lexer@^2.0.0:
  version "2.3.1"
  resolved "https://registry.yarnpkg.com/es-module-lexer/-/es-module-lexer-2.3.1.tgz#5bf2df06999dbbe5f006a5f46a11fb9f5b7b391b"
  integrity sha512-shc1dbU90Yl/xq1QrC7QRtfcwURZuVRfPhZbDoldJ1cn1gzDvBaBWlv0eFolj5+0znnPJz5TXLxsN77X/12KTA==

escalade@^3.2.0:
  version "3.2.0"
  resolved "https://registry.yarnpkg.com/escalade/-/escalade-3.2.0.tgz#011a3f69856ba189dffa7dc8fcce99d2a87903e5"
  integrity sha512-WUj2qlxaQtO4g6Pq5c29GTcWGDyd8itL8zTlipgECz3JesAiiOKotd8JU6otB3PACgG6xkJUyVhboMS+bje/jA==

eslint-scope@5.1.1:
  version "5.1.1"
  resolved "https://registry.yarnpkg.com/eslint-scope/-/eslint-scope-5.1.1.tgz#e786e59a66cb92b3f6c1fb0d508aab174848f48c"
  integrity sha512-2NxwbF/hZ0KpepYN0cNbo+FN6XoK7GaHlQhgx/hIZl6Va0bF45RQOOwhLIy8lQDbuCiadSLCBnH2CFYquit5bw==
  dependencies:
    esrecurse "^4.3.0"
    estraverse "^4.1.1"

esrecurse@^4.3.0:
  version "4.3.0"
  resolved "https://registry.yarnpkg.com/esrecurse/-/esrecurse-4.3.0.tgz#7ad7964d679abb28bee72cec63758b1c5d2c9921"
  integrity sha512-KmfKL3b6G+RXvP8N1vr3Tq1kL/oCFgn2NYXEtqP8/L3pKapUA4G8cFVaoF3SU323CD4XypR/ffioHmkti6/Tag==
  dependencies:
    estraverse "^5.2.0"

estraverse@^4.1.1:
  version "4.3.0"
  resolved "https://registry.yarnpkg.com/estraverse/-/estraverse-4.3.0.tgz#398ad3f3c5a24948be7725e83d11a7de28cdbd1d"
  integrity sha512-39nnKffWz8xN1BU/2c79n9nB9HDzo0niYUqx6xyqUnyoAnQyyWpOTdZEeiCch8BBu515t4wp9ZmgVfVhn9EBpw==

estraverse@^5.2.0:
  version "5.3.0"
  resolved "https://registry.yarnpkg.com/estraverse/-/estraverse-5.3.0.tgz#2eea5290702f26ab8fe5370370ff86c965d21123"
  integrity sha512-MMdARuVEQziNTeJD8DgMqmhwR11BRQ/cBP+pLtYdSTnf3MIO8fFeiINEbX36ZdNlfU/7A9f3gUw49B3oQsvwBA==

events@^3.2.0:
  version "3.3.0"
  resolved "https://registry.yarnpkg.com/events/-/events-3.3.0.tgz#31a95ad0a924e2d2c419a813aeb2c4e878ea7400"
  integrity sha512-mQw+2fkQbALzQ7V0MY0IqdnXNOeTtP4r0lN9z7AAawCXgqea7bDii20AYrIBrFd/Hx0M2Ocz6S111CaFkUcb0Q==

fast-deep-equal@^3.1.3:
  version "3.1.3"
  resolved "https://registry.yarnpkg.com/fast-deep-equal/-/fast-deep-equal-3.1.3.tgz#3a7d56b559d6cbc3eb512325244e619a65c6c525"
  integrity sha512-f3qQ9oQy9j2AhBe/H9VC91wLmKBCCU/gDOnKNAYG5hswO7BLKj09Hc5HYNz9cGI++xlpDCIgDaitVs03ATR84Q==

fast-uri@3.1.5, fast-uri@^3.0.1:
  version "3.1.5"
  resolved "https://registry.yarnpkg.com/fast-uri/-/fast-uri-3.1.5.tgz#610f37419a030270430cecd68d74e3d4d96725d0"
  integrity sha512-gHwA1O9LDIcKunMKhObS/HimwtehO1nPUECKAu5TpKgaO19fcWEl4bliWe1jWxVFvIXztJjjQ4L8XQ1EU9f7Jw==

glob-to-regexp@^0.4.1:
  version "0.4.1"
  resolved "https://registry.yarnpkg.com/glob-to-regexp/-/glob-to-regexp-0.4.1.tgz#c75297087c851b9a578bd217dd59a92f59fe546e"
  integrity sha512-lkX1HJXwyMcprw/5YUZc2s7DrpAiHB21/V+E1rHUrVNokkvB6bqMzT0VfV6/86ZNabt1k14YOIaT7nDvOX3Iiw==

graceful-fs@^4.1.2, graceful-fs@^4.2.11, graceful-fs@^4.2.4:
  version "4.2.11"
  resolved "https://registry.yarnpkg.com/graceful-fs/-/graceful-fs-4.2.11.tgz#4183e4e8bf08bb6e05bbb2f7d2e0c8f712ca40e3"
  integrity sha512-RbJ5/jmFcNNCcDV5o9eTnBLJ/HszWV0P73bc+Ff4nS/rJj+YaS6IGyiOL0VoBYX+l1Wrl3k63h/KrH+nhJ0XvQ==

has-flag@^4.0.0:
  version "4.0.0"
  resolved "https://registry.yarnpkg.com/has-flag/-/has-flag-4.0.0.tgz#944771fd9c81c81265c4d6941860da06bb59479b"
  integrity sha512-EykJT/Q1KjTWctppgIAgfSO0tKVuZUjhgMr17kqTumMl6Afv3EISleU7qZUzoXDFTAHTDC4NOoG/ZxU3EvlMPQ==

jest-worker@^27.4.5:
  version "27.5.1"
  resolved "https://registry.yarnpkg.com/jest-worker/-/jest-worker-27.5.1.tgz#8d146f0900e8973b106b6f73cc1e9a8cb86f8db0"
  integrity sha512-7vuh85V5cdDofPyxn58nrPjBktZo0u9x1g8WtjQol+jZDaE+fhN+cIvTj11GndBnMnyfrUOG1sZQxCdjKh+DKg==
  dependencies:
    "@types/node" "*"
    merge-stream "^2.0.0"
    supports-color "^8.0.0"

json-parse-even-better-errors@^2.3.1:
  version "2.3.1"
  resolved "https://registry.yarnpkg.com/json-parse-even-better-errors/-/json-parse-even-better-errors-2.3.1.tgz#7c47805a94319928e05777405dc12e1f7a4ee02d"
  integrity sha512-xyFwyhro/JEof6Ghe2iz2NcXoj2sloNsWr/XsERDK/oiPCfaNhl5ONfp+jQdAZRQQ0IJWNzH9zIZF7li91kh2w==

json-schema-traverse@^1.0.0:
  version "1.0.0"
  resolved "https://registry.yarnpkg.com/json-schema-traverse/-/json-schema-traverse-1.0.0.tgz#ae7bcb3656ab77a73ba5c49bf654f38e6b6860e2"
  integrity sha512-NM8/P9n3XjXhIZn1lLhkFaACTOURQXjWhV4BA/RnOv8xvgqtqpAX9IO4mRQxSx1Rlo4tqzeqb0sOlruaOy3dug==

loader-runner@^4.3.1:
  version "4.3.2"
  resolved "https://registry.yarnpkg.com/loader-runner/-/loader-runner-4.3.2.tgz#9913d3a15971f8f635915e601fb5c9d495d918e9"
  integrity sha512-DFEqQ3ihfS9blba08cLfYf1NRAIEm+dDjic073DRDc3/JspI/8wYmtDsHwd3+4hwvdxSK7PGaElfTmm0awWJ4w==

merge-stream@^2.0.0:
  version "2.0.0"
  resolved "https://registry.yarnpkg.com/merge-stream/-/merge-stream-2.0.0.tgz#52823629a14dd00c9770fb6ad47dc6310f2c1f60"
  integrity sha512-abv/qOcuPfk3URPfDzmZU1LKmuw8kT+0nIHvKrKgFrwifol/doWcdA4ZqsWQ8ENrFKkd67Mfpo/LovbIUsbt3w==

mime-db@1.52.0:
  version "1.52.0"
  resolved "https://registry.yarnpkg.com/mime-db/-/mime-db-1.52.0.tgz#bbabcdc02859f4987301c856e3387ce5ec43bf70"
  integrity sha512-sPU4uV7dYlvtWJxwwxHD0PuihVNiE7TyAbQ5SWxDCB9mUYvOgroQOwYQQOKPJ8CIbE+1ETVlOoK1UC2nU3gYvg==

mime-types@^2.1.27:
  version "2.1.35"
  resolved "https://registry.yarnpkg.com/mime-types/-/mime-types-2.1.35.tgz#381a871b62a734450660ae3deee44813f70d959a"
  integrity sha512-ZDY+bPm5zTTF+YpCrAU9nK0UgICYPT0QtT1NZWFv4s++TNkcgVaT0g6+4R2uI4MjQjzysHB1zxuWL50hzaeXiw==
  dependencies:
    mime-db "1.52.0"

neo-async@^2.6.2:
  version "2.6.2"
  resolved "https://registry.yarnpkg.com/neo-async/-/neo-async-2.6.2.tgz#b4aafb93e3aeb2d8174ca53cf163ab7d7308305f"
  integrity sha512-Yd3UES5mWCSqR+qNT93S3UoYUkqAZ9lLg8a7g9rimsWmYGK8cVToA4/sF3RrshdyV3sAGMXVUmpMYOw+dLpOuw==

node-releases@^2.0.51:
  version "2.0.53"
  resolved "https://registry.yarnpkg.com/node-releases/-/node-releases-2.0.53.tgz#0fe5ad8a7935e075172f574e56f0c20f07fa41af"
  integrity sha512-D9UOmYG3UH1V+ENW56t5QXBwJw1YEY18ruVeus89Rw+SyIgjPkCO84bRzO3uNIYosJbNwiabWVn48o3uJLjxFQ==

picocolors@^1.1.1:
  version "1.1.1"
  resolved "https://registry.yarnpkg.com/picocolors/-/picocolors-1.1.1.tgz#3d321af3eab939b083c8f929a1d12cda81c26b6b"
  integrity sha512-xceH2snhtb5M9liqDsmEw56le376mTZkEX/jEb/RxNFyegNul7eNslCXP9FDj/Lcu0X8KEyMceP2ntpaHrDEVA==

require-from-string@^2.0.2:
  version "2.0.2"
  resolved "https://registry.yarnpkg.com/require-from-string/-/require-from-string-2.0.2.tgz#89a7fdd938261267318eafe14f9c32e598c36909"
  integrity sha512-Xf0nWe6RseziFMu+Ap9biiUbmplq6S9/p+7w7YXP/JBHhrUDDUhwa+vANyubuqfZWTveU//DYVGsDG7RKL/vEw==

schema-utils@^4.3.0, schema-utils@^4.3.3:
  version "4.3.3"
  resolved "https://registry.yarnpkg.com/schema-utils/-/schema-utils-4.3.3.tgz#5b1850912fa31df90716963d45d9121fdfc09f46"
  integrity sha512-eflK8wEtyOE6+hsaRVPxvUKYCpRgzLqDTb8krvAsRIwOGlHoSgYLgBXoubGgLd2fT41/OUYdb48v4k4WWHQurA==
  dependencies:
    "@types/json-schema" "^7.0.9"
    ajv "^8.9.0"
    ajv-formats "^2.1.1"
    ajv-keywords "^5.1.0"

serialize-javascript@7.0.7:
  version "7.0.7"
  resolved "https://registry.yarnpkg.com/serialize-javascript/-/serialize-javascript-7.0.7.tgz#06ec40576d4cea96d68010a534520bff1f948a72"
  integrity sha512-YAy8Od6KV+uuwUuU50np8fGB/Aues6Y0nAhA9y/hId74PlKUcme4pXcBD46NWKr1Q4osN/iseZ17YqO1XfmI8g==

source-map-support@~0.5.20:
  version "0.5.21"
  resolved "https://registry.yarnpkg.com/source-map-support/-/source-map-support-0.5.21.tgz#04fe7c7f9e1ed2d662233c28cb2b35b9f63f6e4f"
  integrity sha512-uBHU3L3czsIyYXKX88fdrGovxdSCoTGDRZ6SYXtSRxLZUzHg5P/66Ht6uoUlHu9EZod+inXhKo3qQgwXUT/y1w==
  dependencies:
    buffer-from "^1.0.0"
    source-map "^0.6.0"

source-map@^0.6.0:
  version "0.6.1"
  resolved "https://registry.yarnpkg.com/source-map/-/source-map-0.6.1.tgz#74722af32e9614e9c287a8d0bbde48b5e2f1a263"
  integrity sha512-UjgapumWlbMhkBgzT7Ykc5YXUT46F0iKu8SGXq0bcwP5dz/h0Plj6enJqjz1Zbq2l5WaqYnrVbwWOWMyF3F47g==

supports-color@^8.0.0:
  version "8.1.1"
  resolved "https://registry.yarnpkg.com/supports-color/-/supports-color-8.1.1.tgz#cd6fc17e28500cff56c1b86c0a7fd4a54a73005c"
  integrity sha512-MpUEN2OodtUzxvKQl72cUF7RQ5EiHsGvSsVG0ia9c5RbWGL2CI4C7EpPS8UTBIplnlzZiNuV56w+FuNxy3ty2Q==
  dependencies:
    has-flag "^4.0.0"

tapable@^2.3.0, tapable@^2.3.3:
  version "2.3.3"
  resolved "https://registry.yarnpkg.com/tapable/-/tapable-2.3.3.tgz#5da7c9992c46038221267985ab28421a8879f160"
  integrity sha512-uxc/zpqFg6x7C8vOE7lh6Lbda8eEL9zmVm/PLeTPBRhh1xCgdWaQ+J1CUieGpIfm2HdtsUpRv+HshiasBMcc6A==

terser-webpack-plugin@^5.3.16:
  version "5.6.1"
  resolved "https://registry.yarnpkg.com/terser-webpack-plugin/-/terser-webpack-plugin-5.6.1.tgz#47bc41bd8b8fab8383b62ec763b7394829097e7b"
  integrity sha512-201R5j+sJpK8nFWwKVyNfZot8FaJbLZDq5evriVzbV1wDtSXDjRUDRfJzHpAaxFDMEhsZL1QkeqM61wgsS3KaQ==
  dependencies:
    "@jridgewell/trace-mapping" "^0.3.25"
    jest-worker "^27.4.5"
    schema-utils "^4.3.0"
    terser "^5.31.1"

terser@^5.31.1:
  version "5.49.2"
  resolved "https://registry.yarnpkg.com/terser/-/terser-5.49.2.tgz#cc08cfb6097e5da650bfd45c769ebd15c514fc23"
  integrity sha512-rGbJiKeQ4WDe3EXlDAIaQcwftVfv2Q8o1awFNfvXolJYKkb1AuZY1RTOmqx4LJXZENbWZA7eIsYGHuEzHsi1nQ==
  dependencies:
    "@jridgewell/source-map" "^0.3.3"
    acorn "^8.15.0"
    commander "^2.20.0"
    source-map-support "~0.5.20"

undici-types@~8.3.0:
  version "8.3.0"
  resolved "https://registry.yarnpkg.com/undici-types/-/undici-types-8.3.0.tgz#44e9fc9f3244648cdea35e4f9bb2d681e9410809"
  integrity sha512-j375ScV60dom+YkPFIfTLcOiPxkN/buHz5GobjLhixFuANaNs3C9l4GmrWqejgXWJ7BbJcFYpTEUkS1Ge8bpZQ==

update-browserslist-db@^1.2.3:
  version "1.2.3"
  resolved "https://registry.yarnpkg.com/update-browserslist-db/-/update-browserslist-db-1.2.3.tgz#64d76db58713136acbeb4c49114366cc6cc2e80d"
  integrity sha512-Js0m9cx+qOgDxo0eMiFGEueWztz+d4+M3rGlmKPT+T4IS/jP4ylw3Nwpu6cpTTP8R1MAC1kF4VbdLt3ARf209w==
  dependencies:
    escalade "^3.2.0"
    picocolors "^1.1.1"

watchpack@^2.4.4:
  version "2.5.2"
  resolved "https://registry.yarnpkg.com/watchpack/-/watchpack-2.5.2.tgz#e12e82d84674266fc1c6dbfe38891b92ff0522ec"
  integrity sha512-6i/00NBjP4yGPs+caKSyRfpTF/8Torsu0MOW3mMzIbhgISFder8i7xbqgHlLMwJrdiN8ndBV3UA1/AfzPSr+jg==
  dependencies:
    graceful-fs "^4.1.2"

webpack-sources@^3.3.3:
  version "3.5.1"
  resolved "https://registry.yarnpkg.com/webpack-sources/-/webpack-sources-3.5.1.tgz#76c2418486dcc02b2aa0694c104176c2858fe84a"
  integrity sha512-jyuiGJdtvY434z5bUZrjz67v76/ePNvFZTp9Mdz29IlH4+GPsgyGjiv0fKI+M7BdkU6ADjulUcKAd3tUK3WlEw==

webpack@5.104.1:
  version "5.104.1"
  resolved "https://registry.yarnpkg.com/webpack/-/webpack-5.104.1.tgz#94bd41eb5dbf06e93be165ba8be41b8260d4fb1a"
  integrity sha512-Qphch25abbMNtekmEGJmeRUhLDbe+QfiWTiqpKYkpCOWY64v9eyl+KRRLmqOFA2AvKPpc9DC6+u2n76tQLBoaA==
  dependencies:
    "@types/eslint-scope" "^3.7.7"
    "@types/estree" "^1.0.8"
    "@types/json-schema" "^7.0.15"
    "@webassemblyjs/ast" "^1.14.1"
    "@webassemblyjs/wasm-edit" "^1.14.1"
    "@webassemblyjs/wasm-parser" "^1.14.1"
    acorn "^8.15.0"
    acorn-import-phases "^1.0.3"
    browserslist "^4.28.1"
    chrome-trace-event "^1.0.2"
    enhanced-resolve "^5.17.4"
    es-module-lexer "^2.0.0"
    eslint-scope "5.1.1"
    events "^3.2.0"
    glob-to-regexp "^0.4.1"
    graceful-fs "^4.2.11"
    json-parse-even-better-errors "^2.3.1"
    loader-runner "^4.3.1"
    mime-types "^2.1.27"
    neo-async "^2.6.2"
    schema-utils "^4.3.3"
    tapable "^2.3.0"
    terser-webpack-plugin "^5.3.16"
    watchpack "^2.4.4"
    webpack-sources "^3.3.3"

ws@8.20.1, ws@8.21.0:
  version "8.21.0"
  resolved "https://registry.yarnpkg.com/ws/-/ws-8.21.0.tgz#012e413fc07429945121b0c153158c4343086951"
  integrity sha512-Vsp28b7DRcimFQvrqu2Wek3z1iYxDCWqHYB8Qsnk/S4RfaCQzPGPyBNuVjJV3cd6UiKtUtp6sNM77gWvzcCH+g==
